// !$*UTF8*$!
{
	archiveVersion = 1;
	classes = {
	};
	objectVersion = 50;
	objects = {

/* Begin PBXBuildFile section */
		5AD3A67D252A82BC00D1037E /* AppDelegate.swift in Sources */ = {isa = PBXBuildFile; fileRef = 5AD3A67C252A82BC00D1037E /* AppDelegate.swift */; };
		5AD3A67F252A82BC00D1037E /* SceneDelegate.swift in Sources */ = {isa = PBXBuildFile; fileRef = 5AD3A67E252A82BC00D1037E /* SceneDelegate.swift */; };
		5AD3A681252A82BC00D1037E /* ViewController.swift in Sources */ = {isa = PBXBuildFile; fileRef = 5AD3A680252A82BC00D1037E /* ViewController.swift */; };
		5AD3A684252A82BC00D1037E /* Main.storyboard in Resources */ = {isa = PBXBuildFile; fileRef = 5AD3A682252A82BC00D1037E /* Main.storyboard */; };
		5AD3A686252A82BD00D1037E /* Assets.xcassets in Resources */ = {isa = PBXBuildFile; fileRef = 5AD3A685252A82BD00D1037E /* Assets.xcassets */; };
		5AD3A689252A82BD00D1037E /* LaunchScreen.storyboard in Resources */ = {isa = PBXBuildFile; fileRef = 5AD3A687252A82BD00D1037E /* LaunchScreen.storyboard */; };
		5AD3A694252A82BD00D1037E /* I_am_RichTests.swift in Sources */ = {isa = PBXBuildFile; fileRef = 5AD3A693252A82BD00D1037E /* I_am_RichTests.swift */; };
		5AD3A69F252A82BD00D1037E /* I_am_RichUITests.swift in Sources */ = {isa = PBXBuildFile; fileRef = 5AD3A69E252A82BD00D1037E /* I_am_RichUITests.swift */; };
/* End PBXBuildFile section */

/* Begin PBXContainerItemProxy section */
		5AD3A690252A82BD00D1037E /* PBXContainerItemProxy */ = {
			isa = PBXContainerItemProxy;
			containerPortal = 5AD3A671252A82BC00D1037E /* Project object */;
			proxyType = 1;
			remoteGlobalIDString = 5AD3A678252A82BC00D1037E;
			remoteInfo = "I am Rich";
		};
		5AD3A69B252A82BD00D1037E /* PBXContainerItemProxy */ = {
			isa = PBXContainerItemProxy;
			containerPortal = 5AD3A671252A82BC00D1037E /* Project object */;
			proxyType = 1;
			remoteGlobalIDString = 5AD3A678252A82BC00D1037E;
			remoteInfo = "I am Rich";
		};
/* End PBXContainerItemProxy section */

/* Begin PBXFileReference section */
		5AD3A679252A82BC00D1037E /* I am Rich.app */ = {isa = PBXFileReference; explicitFileType = wrapper.application; includeInIndex = 0; path = "I am Rich.app"; sourceTree = BUILT_PRODUCTS_DIR; };
		5AD3A67C252A82BC00D1037E /* AppDelegate.swift */ = {isa = PBXFileReference; lastKnownFileType = sourcecode.swift; path = AppDelegate.swift; sourceTree = "<group>"; };
		5AD3A67E252A82BC00D1037E /* SceneDelegate.swift */ = {isa = PBXFileReference; lastKnownFileType = sourcecode.swift; path = SceneDelegate.swift; sourceTree = "<group>"; };
		5AD3A680252A82BC00D1037E /* ViewController.swift */ = {isa = PBXFileReference; lastKnownFileType = sourcecode.swift; path = ViewController.swift; sourceTree = "<group>"; };
		5AD3A683252A82BC00D1037E /* Base */ = {isa = PBXFileReference; lastKnownFileType = file.storyboard; name = Base; path = Base.lproj/Main.storyboard; sourceTree = "<group>"; };
		5AD3A685252A82BD00D1037E /* Assets.xcassets */ = {isa = PBXFileReference; lastKnownFileType = folder.assetcatalog; path = Assets.xcassets; sourceTree = "<group>"; };
		5AD3A688252A82BD00D1037E /* Base */ = {isa = PBXFileReference; lastKnownFileType = file.storyboard; name = Base; path = Base.lproj/LaunchScreen.storyboard; sourceTree = "<group>"; };
		5AD3A68A252A82BD00D1037E /* Info.plist */ = {isa = PBXFileReference; lastKnownFileType = text.plist.xml; path = Info.plist; sourceTree = "<group>"; };
		5AD3A68F252A82BD00D1037E /* I am RichTests.xctest */ = {isa = PBXFileReference; explicitFileType = wrapper.cfbundle; includeInIndex = 0; path = "I am RichTests.xctest"; sourceTree = BUILT_PRODUCTS_DIR; };
		5AD3A693252A82BD00D1037E /* I_am_RichTests.swift */ = {isa = PBXFileReference; lastKnownFileType = sourcecode.swift; path = I_am_RichTests.swift; sourceTree = "<group>"; };
		5AD3A695252A82BD00D1037E /* Info.plist */ = {isa = PBXFileReference; lastKnownFileType = text.plist.xml; path = Info.plist; sourceTree = "<group>"; };
		5AD3A69A252A82BD00D1037E /* I am RichUITests.xctest */ = {isa = PBXFileReference; explicitFileType = wrapper.cfbundle; includeInIndex = 0; path = "I am RichUITests.xctest"; sourceTree = BUILT_PRODUCTS_DIR; };
		5AD3A69E252A82BD00D1037E /* I_am_RichUITests.swift */ = {isa = PBXFileReference; lastKnownFileType = sourcecode.swift; path = I_am_RichUITests.swift; sourceTree = "<group>"; };
		5AD3A6A0252A82BD00D1037E /* Info.plist */ = {isa = PBXFileReference; lastKnownFileType = text.plist.xml; path = Info.plist; sourceTree = "<group>"; };
/* End PBXFileReference section */

/* Begin PBXFrameworksBuildPhase section */
		5AD3A676252A82BC00D1037E /* Frameworks */ = {
			isa = PBXFrameworksBuildPhase;
			buildActionMask = 2147483647;
			files = (
			);
			runOnlyForDeploymentPostprocessing = 0;
		};
		5AD3A68C252A82BD00D1037E /* Frameworks */ = {
			isa = PBXFrameworksBuildPhase;
			buildActionMask = 2147483647;
			files = (
			);
			runOnlyForDeploymentPostprocessing = 0;
		};
		5AD3A697252A82BD00D1037E /* Frameworks */ = {
			isa = PBXFrameworksBuildPhase;
			buildActionMask = 2147483647;
			files = (
			);
			runOnlyForDeploymentPostprocessing = 0;
		};
/* End PBXFrameworksBuildPhase section */

/* Begin PBXGroup section */
		5AD3A670252A82BC00D1037E = {
			isa = PBXGroup;
			children = (
				5AD3A67B252A82BC00D1037E /* I am Rich */,
				5AD3A692252A82BD00D1037E /* I am RichTests */,
				5AD3A69D252A82BD00D1037E /* I am RichUITests */,
				5AD3A67A252A82BC00D1037E /* Products */,
			);
			sourceTree = "<group>";
		};
		5AD3A67A252A82BC00D1037E /* Products */ = {
			isa = PBXGroup;
			children = (
				5AD3A679252A82BC00D1037E /* I am Rich.app */,
				5AD3A68F252A82BD00D1037E /* I am RichTests.xctest */,
				5AD3A69A252A82BD00D1037E /* I am RichUITests.xctest */,
			);
			name = Products;
			sourceTree = "<group>";
		};
		5AD3A67B252A82BC00D1037E /* I am Rich */ = {
			isa = PBXGroup;
			children = (
				5AD3A67C252A82BC00D1037E /* AppDelegate.swift */,
				5AD3A67E252A82BC00D1037E /* SceneDelegate.swift */,
				5AD3A680252A82BC00D1037E /* ViewController.swift */,
				5AD3A682252A82BC00D1037E /* Main.storyboard */,
				5AD3A685252A82BD00D1037E /* Assets.xcassets */,
				5AD3A687252A82BD00D1037E /* LaunchScreen.storyboard */,
				5AD3A68A252A82BD00D1037E /* Info.plist */,
			);
			path = "I am Rich";
			sourceTree = "<group>";
		};
		5AD3A692252A82BD00D1037E /* I am RichTests */ = {
			isa = PBXGroup;
			children = (
				5AD3A693252A82BD00D1037E /* I_am_RichTests.swift */,
				5AD3A695252A82BD00D1037E /* Info.plist */,
			);
			path = "I am RichTests";
			sourceTree = "<group>";
		};
		5AD3A69D252A82BD00D1037E /* I am RichUITests */ = {
			isa = PBXGroup;
			children = (
				5AD3A69E252A82BD00D1037E /* I_am_RichUITests.swift */,
				5AD3A6A0252A82BD00D1037E /* Info.plist */,
			);
			path = "I am RichUITests";
			sourceTree = "<group>";
		};
/* End PBXGroup section */

/* Begin PBXNativeTarget section */
		5AD3A678252A82BC00D1037E /* I am Rich */ = {
			isa = PBXNativeTarget;
			buildConfigurationList = 5AD3A6A3252A82BD00D1037E /* Build configuration list for PBXNativeTarget "I am Rich" */;
			buildPhases = (
				5AD3A675252A82BC00D1037E /* Sources */,
				5AD3A676252A82BC00D1037E /* Frameworks */,
				5AD3A677252A82BC00D1037E /* Resources */,
			);
			buildRules = (
			);
			dependencies = (
			);
			name = "I am Rich";
			productName = "I am Rich";
			productReference = 5AD3A679252A82BC00D1037E /* I am Rich.app */;
			productType = "com.apple.product-type.application";
		};
		5AD3A68E252A82BD00D1037E /* I am RichTests */ = {
			isa = PBXNativeTarget;
			buildConfigurationList = 5AD3A6A6252A82BD00D1037E /* Build configuration list for PBXNativeTarget "I am RichTests" */;
			buildPhases = (
				5AD3A68B252A82BD00D1037E /* Sources */,
				5AD3A68C252A82BD00D1037E /* Frameworks */,
				5AD3A68D252A82BD00D1037E /* Resources */,
			);
			buildRules = (
			);
			dependencies = (
				5AD3A691252A82BD00D1037E /* PBXTargetDependency */,
			);
			name = "I am RichTests";
			productName = "I am RichTests";
			productReference = 5AD3A68F252A82BD00D1037E /* I am RichTests.xctest */;
			productType = "com.apple.product-type.bundle.unit-test";
		};
		5AD3A699252A82BD00D1037E /* I am RichUITests */ = {
			isa = PBXNativeTarget;
			buildConfigurationList = 5AD3A6A9252A82BD00D1037E /* Build configuration list for PBXNativeTarget "I am RichUITests" */;
			buildPhases = (
				5AD3A696252A82BD00D1037E /* Sources */,
				5AD3A697252A82BD00D1037E /* Frameworks */,
				5AD3A698252A82BD00D1037E /* Resources */,
			);
			buildRules = (
			);
			dependencies = (
				5AD3A69C252A82BD00D1037E /* PBXTargetDependency */,
			);
			name = "I am RichUITests";
			productName = "I am RichUITests";
			productReference = 5AD3A69A252A82BD00D1037E /* I am RichUITests.xctest */;
			productType = "com.apple.product-type.bundle.ui-testing";
		};
/* End PBXNativeTarget section */

/* Begin PBXProject section */
		5AD3A671252A82BC00D1037E /* Project object */ = {
			isa = PBXProject;
			attributes = {
				LastSwiftUpdateCheck = 1200;
				LastUpgradeCheck = 1200;
				TargetAttributes = {
					5AD3A678252A82BC00D1037E = {
						CreatedOnToolsVersion = 12.0.1;
					};
					5AD3A68E252A82BD00D1037E = {
						CreatedOnToolsVersion = 12.0.1;
						TestTargetID = 5AD3A678252A82BC00D1037E;
					};
					5AD3A699252A82BD00D1037E = {
						CreatedOnToolsVersion = 12.0.1;
						TestTargetID = 5AD3A678252A82BC00D1037E;
					};
				};
			};
			buildConfigurationList = 5AD3A674252A82BC00D1037E /* Build configuration list for PBXProject "I am Rich" */;
			compatibilityVersion = "Xcode 9.3";
			developmentRegion = en;
			hasScannedForEncodings = 0;
			knownRegions = (
				en,
				Base,
			);
			mainGroup = 5AD3A670252A82BC00D1037E;
			productRefGroup = 5AD3A67A252A82BC00D1037E /* Products */;
			projectDirPath = "";
			projectRoot = "";
			targets = (
				5AD3A678252A82BC00D1037E /* I am Rich */,
				5AD3A68E252A82BD00D1037E /* I am RichTests */,
				5AD3A699252A82BD00D1037E /* I am RichUITests */,
			);
		};
/* End PBXProject section */

/* Begin PBXResourcesBuildPhase section */
		5AD3A677252A82BC00D1037E /* Resources */ = {
			isa = PBXResourcesBuildPhase;
			buildActionMask = 2147483647;
			files = (
				5AD3A689252A82BD00D1037E /* LaunchScreen.storyboard in Resources */,
				5AD3A686252A82BD00D1037E /* Assets.xcassets in Resources */,
				5AD3A684252A82BC00D1037E /* Main.storyboard in Resources */,
			);
			runOnlyForDeploymentPostprocessing = 0;
		};
		5AD3A68D252A82BD00D1037E /* Resources */ = {
			isa = PBXResourcesBuildPhase;
			buildActionMask = 2147483647;
			files = (
			);
			runOnlyForDeploymentPostprocessing = 0;
		};
		5AD3A698252A82BD00D1037E /* Resources */ = {
			isa = PBXResourcesBuildPhase;
			buildActionMask = 2147483647;
			files = (
			);
			runOnlyForDeploymentPostprocessing = 0;
		};
/* End PBXResourcesBuildPhase section */

/* Begin PBXSourcesBuildPhase section */
		5AD3A675252A82BC00D1037E /* Sources */ = {
			isa = PBXSourcesBuildPhase;
			buildActionMask = 2147483647;
			files = (
				5AD3A681252A82BC00D1037E /* ViewController.swift in Sources */,
				5AD3A67D252A82BC00D1037E /* AppDelegate.swift in Sources */,
				5AD3A67F252A82BC00D1037E /* SceneDelegate.swift in Sources */,
			);
			runOnlyForDeploymentPostprocessing = 0;
		};
		5AD3A68B252A82BD00D1037E /* Sources */ = {
			isa = PBXSourcesBuildPhase;
			buildActionMask = 2147483647;
			files = (
				5AD3A694252A82BD00D1037E /* I_am_RichTests.swift in Sources */,
			);
			runOnlyForDeploymentPostprocessing = 0;
		};
		5AD3A696252A82BD00D1037E /* Sources */ = {
			isa = PBXSourcesBuildPhase;
			buildActionMask = 2147483647;
			files = (
				5AD3A69F252A82BD00D1037E /* I_am_RichUITests.swift in Sources */,
			);
			runOnlyForDeploymentPostprocessing = 0;
		};
/* End PBXSourcesBuildPhase section */

/* Begin PBXTargetDependency section */
		5AD3A691252A82BD00D1037E /* PBXTargetDependency */ = {
			isa = PBXTargetDependency;
			target = 5AD3A678252A82BC00D1037E /* I am Rich */;
			targetProxy = 5AD3A690252A82BD00D1037E /* PBXContainerItemProxy */;
		};
		5AD3A69C252A82BD00D1037E /* PBXTargetDependency */ = {
			isa = PBXTargetDependency;
			target = 5AD3A678252A82BC00D1037E /* I am Rich */;
			targetProxy = 5AD3A69B252A82BD00D1037E /* PBXContainerItemProxy */;
		};
/* End PBXTargetDependency section */

/* Begin PBXVariantGroup section */
		5AD3A682252A82BC00D1037E /* Main.storyboard */ = {
			isa = PBXVariantGroup;
			children = (
				5AD3A683252A82BC00D1037E /* Base */,
			);
			name = Main.storyboard;
			sourceTree = "<group>";
		};
		5AD3A687252A82BD00D1037E /* LaunchScreen.storyboard */ = {
			isa = PBXVariantGroup;
			children = (
				5AD3A688252A82BD00D1037E /* Base */,
			);
			name = LaunchScreen.storyboard;
			sourceTree = "<group>";
		};
/* End PBXVariantGroup section */

/* Begin XCBuildConfiguration section */
		5AD3A6A1252A82BD00D1037E /* Debug */ = {
			isa = XCBuildConfiguration;
			buildSettings = {
				ALWAYS_SEARCH_USER_PATHS = NO;
				CLANG_ANALYZER_NONNULL = YES;
				CLANG_ANALYZER_NUMBER_OBJECT_CONVERSION = YES_AGGRESSIVE;
				CLANG_CXX_LANGUAGE_STANDARD = "gnu++14";
				CLANG_CXX_LIBRARY = "libc++";
				CLANG_ENABLE_MODULES = YES;
				CLANG_ENABLE_OBJC_ARC = YES;
				CLANG_ENABLE_OBJC_WEAK = YES;
				CLANG_WARN_BLOCK_CAPTURE_AUTORELEASING = YES;
				CLANG_WARN_BOOL_CONVERSION = YES;
				CLANG_WARN_COMMA = YES;
				CLANG_WARN_CONSTANT_CONVERSION = YES;
				CLANG_WARN_DEPRECATED_OBJC_IMPLEMENTATIONS = YES;
				CLANG_WARN_DIRECT_OBJC_ISA_USAGE = YES_ERROR;
				CLANG_WARN_DOCUMENTATION_COMMENTS = YES;
				CLANG_WARN_EMPTY_BODY = YES;
				CLANG_WARN_ENUM_CONVERSION = YES;
				CLANG_WARN_INFINITE_RECURSION = YES;
				CLANG_WARN_INT_CONVERSION = YES;
				CLANG_WARN_NON_LITERAL_NULL_CONVERSION = YES;
				CLANG_WARN_OBJC_IMPLICIT_RETAIN_SELF = YES;
				CLANG_WARN_OBJC_LITERAL_CONVERSION = YES;
				CLANG_WARN_OBJC_ROOT_CLASS = YES_ERROR;
				CLANG_WARN_QUOTED_INCLUDE_IN_FRAMEWORK_HEADER = YES;
				CLANG_WARN_RANGE_LOOP_ANALYSIS = YES;
				CLANG_WARN_STRICT_PROTOTYPES = YES;
				CLANG_WARN_SUSPICIOUS_MOVE = YES;
				CLANG_WARN_UNGUARDED_AVAILABILITY = YES_AGGRESSIVE;
				CLANG_WARN_UNREACHABLE_CODE = YES;
				CLANG_WARN__DUPLICATE_METHOD_MATCH = YES;
				COPY_PHASE_STRIP = NO;
				DEBUG_INFORMATION_FORMAT = dwarf;
				ENABLE_STRICT_OBJC_MSGSEND = YES;
				ENABLE_TESTABILITY = YES;
				GCC_C_LANGUAGE_STANDARD = gnu11;
				GCC_DYNAMIC_NO_PIC = NO;
				GCC_NO_COMMON_BLOCKS = YES;
				GCC_OPTIMIZATION_LEVEL = 0;
				GCC_PREPROCESSOR_DEFINITIONS = (
					"DEBUG=1",
					"$(inherited)",
				);
				GCC_WARN_64_TO_32_BIT_CONVERSION = YES;
				GCC_WARN_ABOUT_RETURN_TYPE = YES_ERROR;
				GCC_WARN_UNDECLARED_SELECTOR = YES;
				GCC_WARN_UNINITIALIZED_AUTOS = YES_AGGRESSIVE;
				GCC_WARN_UNUSED_FUNCTION = YES;
				GCC_WARN_UNUSED_VARIABLE = YES;
				IPHONEOS_DEPLOYMENT_TARGET = 14.0;
				MTL_ENABLE_DEBUG_INFO = INCLUDE_SOURCE;
				MTL_FAST_MATH = YES;
				ONLY_ACTIVE_ARCH = YES;
				SDKROOT = iphoneos;
				SWIFT_ACTIVE_COMPILATION_CONDITIONS = DEBUG;
				SWIFT_OPTIMIZATION_LEVEL = "-Onone";
			};
			name = Debug;
		};
		5AD3A6A2252A82BD00D1037E /* Release */ = {
			isa = XCBuildConfiguration;
			buildSettings = {
				ALWAYS_SEARCH_USER_PATHS = NO;
				CLANG_ANALYZER_NONNULL = YES;
				CLANG_ANALYZER_NUMBER_OBJECT_CONVERSION = YES_AGGRESSIVE;
				CLANG_CXX_LANGUAGE_STANDARD = "gnu++14";
				CLANG_CXX_LIBRARY = "libc++";
				CLANG_ENABLE_MODULES = YES;
				CLANG_ENABLE_OBJC_ARC = YES;
				CLANG_ENABLE_OBJC_WEAK = YES;
				CLANG_WARN_BLOCK_CAPTURE_AUTORELEASING = YES;
				CLANG_WARN_BOOL_CONVERSION = YES;
				CLANG_WARN_COMMA = YES;
				CLANG_WARN_CONSTANT_CONVERSION = YES;
				CLANG_WARN_DEPRECATED_OBJC_IMPLEMENTATIONS = YES;
				CLANG_WARN_DIRECT_OBJC_ISA_USAGE = YES_ERROR;
				CLANG_WARN_DOCUMENTATION_COMMENTS = YES;
				CLANG_WARN_EMPTY_BODY = YES;
				CLANG_WARN_ENUM_CONVERSION = YES;
				CLANG_WARN_INFINITE_RECURSION = YES;
				CLANG_WARN_INT_CONVERSION = YES;
				CLANG_WARN_NON_LITERAL_NULL_CONVERSION = YES;
				CLANG_WARN_OBJC_IMPLICIT_RETAIN_SELF = YES;
				CLANG_WARN_OBJC_LITERAL_CONVERSION = YES;
				CLANG_WARN_OBJC_ROOT_CLASS = YES_ERROR;
				CLANG_WARN_QUOTED_INCLUDE_IN_FRAMEWORK_HEADER = YES;
				CLANG_WARN_RANGE_LOOP_ANALYSIS = YES;
				CLANG_WARN_STRICT_PROTOTYPES = YES;
				CLANG_WARN_SUSPICIOUS_MOVE = YES;
				CLANG_WARN_UNGUARDED_AVAILABILITY = YES_AGGRESSIVE;
				CLANG_WARN_UNREACHABLE_CODE = YES;
				CLANG_WARN__DUPLICATE_METHOD_MATCH = YES;
				COPY_PHASE_STRIP = NO;
				DEBUG_INFORMATION_FORMAT = "dwarf-with-dsym";
				ENABLE_NS_ASSERTIONS = NO;
				ENABLE_STRICT_OBJC_MSGSEND = YES;
				GCC_C_LANGUAGE_STANDARD = gnu11;
				GCC_NO_COMMON_BLOCKS = YES;
				GCC_WARN_64_TO_32_BIT_CONVERSION = YES;
				GCC_WARN_ABOUT_RETURN_TYPE = YES_ERROR;
				GCC_WARN_UNDECLARED_SELECTOR = YES;
				GCC_WARN_UNINITIALIZED_AUTOS = YES_AGGRESSIVE;
				GCC_WARN_UNUSED_FUNCTION = YES;
				GCC_WARN_UNUSED_VARIABLE = YES;
				IPHONEOS_DEPLOYMENT_TARGET = 14.0;
				MTL_ENABLE_DEBUG_INFO = NO;
				MTL_FAST_MATH = YES;
				SDKROOT = iphoneos;
				SWIFT_COMPILATION_MODE = wholemodule;
				SWIFT_OPTIMIZATION_LEVEL = "-O";
				VALIDATE_PRODUCT = YES;
			};
			name = Release;
		};
		5AD3A6A4252A82BD00D1037E /* Debug */ = {
			isa = XCBuildConfiguration;
			buildSettings = {
				ASSETCATALOG_COMPILER_APPICON_NAME = AppIcon;
				ASSETCATALOG_COMPILER_GLOBAL_ACCENT_COLOR_NAME = AccentColor;
				CODE_SIGN_STYLE = Automatic;
				DEVELOPMENT_TEAM = 9P8FK64BN4;
				INFOPLIST_FILE = "I am Rich/Info.plist";
				LD_RUNPATH_SEARCH_PATHS = (
					"$(inherited)",
					"@executable_path/Frameworks",
				);
				PRODUCT_BUNDLE_IDENTIFIER = "com.tekh.I-am-Rich";
				PRODUCT_NAME = "$(TARGET_NAME)";
				SWIFT_VERSION = 5.0;
				TARGETED_DEVICE_FAMILY = "1,2";
			};
			name = Debug;
		};
		5AD3A6A5252A82BD00D1037E /* Release */ = {
			isa = XCBuildConfiguration;
			buildSettings = {
				ASSETCATALOG_COMPILER_APPICON_NAME = AppIcon;
				ASSETCATALOG_COMPILER_GLOBAL_ACCENT_COLOR_NAME = AccentColor;
				CODE_SIGN_STYLE = Automatic;
				DEVELOPMENT_TEAM = 9P8FK64BN4;
				INFOPLIST_FILE = "I am Rich/Info.plist";
				LD_RUNPATH_SEARCH_PATHS = (
					"$(inherited)",
					"@executable_path/Frameworks",
				);
				PRODUCT_BUNDLE_IDENTIFIER = "com.tekh.I-am-Rich";
				PRODUCT_NAME = "$(TARGET_NAME)";
				SWIFT_VERSION = 5.0;
				TARGETED_DEVICE_FAMILY = "1,2";
			};
			name = Release;
		};
		5AD3A6A7252A82BD00D1037E /* Debug */ = {
			isa = XCBuildConfiguration;
			buildSettings = {
				ALWAYS_EMBED_SWIFT_STANDARD_LIBRARIES = YES;
				BUNDLE_LOADER = "$(TEST_HOST)";
				CODE_SIGN_STYLE = Automatic;
				DEVELOPMENT_TEAM = 9P8FK64BN4;
				INFOPLIST_FILE = "I am RichTests/Info.plist";
				IPHONEOS_DEPLOYMENT_TARGET = 14.0;
				LD_RUNPATH_SEARCH_PATHS = (
					"$(inherited)",
					"@executable_path/Frameworks",
					"@loader_path/Frameworks",
				);
				PRODUCT_BUNDLE_IDENTIFIER = "com.tekh.I-am-RichTests";
				PRODUCT_NAME = "$(TARGET_NAME)";
				SWIFT_VERSION = 5.0;
				TARGETED_DEVICE_FAMILY = "1,2";
				TEST_HOST = "$(BUILT_PRODUCTS_DIR)/I am Rich.app/I am Rich";
			};
			name = Debug;
		};
		5AD3A6A8252A82BD00D1037E /* Release */ = {
			isa = XCBuildConfiguration;
			buildSettings = {
				ALWAYS_EMBED_SWIFT_STANDARD_LIBRARIES = YES;
				BUNDLE_LOADER = "$(TEST_HOST)";
				CODE_SIGN_STYLE = Automatic;
				DEVELOPMENT_TEAM = 9P8FK64BN4;
				INFOPLIST_FILE = "I am RichTests/Info.plist";
				IPHONEOS_DEPLOYMENT_TARGET = 14.0;
				LD_RUNPATH_SEARCH_PATHS = (
					"$(inherited)",
					"@executable_path/Frameworks",
					"@loader_path/Frameworks",
				);
				PRODUCT_BUNDLE_IDENTIFIER = "com.tekh.I-am-RichTests";
				PRODUCT_NAME = "$(TARGET_NAME)";
				SWIFT_VERSION = 5.0;
				TARGETED_DEVICE_FAMILY = "1,2";
				TEST_HOST = "$(BUILT_PRODUCTS_DIR)/I am Rich.app/I am Rich";
			};
			name = Release;
		};
		5AD3A6AA252A82BD00D1037E /* Debug */ = {
			isa = XCBuildConfiguration;
			buildSettings = {
				ALWAYS_EMBED_SWIFT_STANDARD_LIBRARIES = YES;
				CODE_SIGN_STYLE = Automatic;
				DEVELOPMENT_TEAM = 9P8FK64BN4;
				INFOPLIST_FILE = "I am RichUITests/Info.plist";
				LD_RUNPATH_SEARCH_PATHS = (
					"$(inherited)",
					"@executable_path/Frameworks",
					"@loader_path/Frameworks",
				);
				PRODUCT_BUNDLE_IDENTIFIER = "com.tekh.I-am-RichUITests";
				PRODUCT_NAME = "$(TARGET_NAME)";
				SWIFT_VERSION = 5.0;
				TARGETED_DEVICE_FAMILY = "1,2";
				TEST_TARGET_NAME = "I am Rich";
			};
			name = Debug;
		};
		5AD3A6AB252A82BD00D1037E /* Release */ = {
			isa = XCBuildConfiguration;
			buildSettings = {
				ALWAYS_EMBED_SWIFT_STANDARD_LIBRARIES = YES;
				CODE_SIGN_STYLE = Automatic;
				DEVELOPMENT_TEAM = 9P8FK64BN4;
				INFOPLIST_FILE = "I am RichUITests/Info.plist";
				LD_RUNPATH_SEARCH_PATHS = (
					"$(inherited)",
					"@executable_path/Frameworks",
					"@loader_path/Frameworks",
				);
				PRODUCT_BUNDLE_IDENTIFIER = "com.tekh.I-am-RichUITests";
				PRODUCT_NAME = "$(TARGET_NAME)";
				SWIFT_VERSION = 5.0;
				TARGETED_DEVICE_FAMILY = "1,2";
				TEST_TARGET_NAME = "I am Rich";
			};
			name = Release;
		};
/* End XCBuildConfiguration section */

/* Begin XCConfigurationList section */
		5AD3A674252A82BC00D1037E /* Build configuration list for PBXProject "I am Rich" */ = {
			isa = XCConfigurationList;
			buildConfigurations = (
				5AD3A6A1252A82BD00D1037E /* Debug */,
				5AD3A6A2252A82BD00D1037E /* Release */,
			);
			defaultConfigurationIsVisible = 0;
			defaultConfigurationName = Release;
		};
		5AD3A6A3252A82BD00D1037E /* Build configuration list for PBXNativeTarget "I am Rich" */ = {
			isa = XCConfigurationList;
			buildConfigurations = (
				5AD3A6A4252A82BD00D1037E /* Debug */,
				5AD3A6A5252A82BD00D1037E /* Release */,
			);
			defaultConfigurationIsVisible = 0;
			defaultConfigurationName = Release;
		};
		5AD3A6A6252A82BD00D1037E /* Build configuration list for PBXNativeTarget "I am RichTests" */ = {
			isa = XCConfigurationList;
			buildConfigurations = (
				5AD3A6A7252A82BD00D1037E /* Debug */,
				5AD3A6A8252A82BD00D1037E /* Release */,
			);
			defaultConfigurationIsVisible = 0;
			defaultConfigurationName = Release;
		};
		5AD3A6A9252A82BD00D1037E /* Build configuration list for PBXNativeTarget "I am RichUITests" */ = {
			isa = XCConfigurationList;
			buildConfigurations = (
				5AD3A6AA252A82BD00D1037E /* Debug */,
				5AD3A6AB252A82BD00D1037E /* Release */,
			);
			defaultConfigurationIsVisible = 0;
			defaultConfigurationName = Release;
		};
/* End XCConfigurationList section */
	};
	rootObject = 5AD3A671252A82BC00D1037E /* Project object */;
}
